{
  "name": "giep",
  "lockfileVersion": 2,
  "requires": true,
  "packages": {
    "": {
      "dependencies": {
        "@thiagoprz/ionic-input-mask": "^0.0.5"
      }
    },
    "node_modules/@angular/common": {
      "version": "15.0.3",
      "resolved": "https://registry.npmjs.org/@angular/common/-/common-15.0.3.tgz",
      "integrity": "sha512-TYpNnP6f7+x+FqyFCjl+D7rqJojMJT3QURwbnKsZYO7gsfoKashgrLxd9f3lQpa9EHvdMsVZWGZuPmoerGQ5qg==",
      "peer": true,
      "dependencies": {
        "tslib": "^2.3.0"
      },
      "engines": {
        "node": "^14.20.0 || ^16.13.0 || >=18.10.0"
      },
      "peerDependencies": {
        "@angular/core": "15.0.3",
        "rxjs": "^6.5.3 || ^7.4.0"
      }
    },
    "node_modules/@angular/core": {
      "version": "15.0.3",
      "resolved": "https://registry.npmjs.org/@angular/core/-/core-15.0.3.tgz",
      "integrity": "sha512-tYQszxkk32RZkMA7Czv9l5apiDIsoqVO2taIuPKfesAcwsQ7z/x3JTu3JkwUnB9c9nq2c18wIzjzMs4iElxdVQ==",
      "peer": true,
      "dependencies": {
        "tslib": "^2.3.0"
      },
      "engines": {
        "node": "^14.20.0 || ^16.13.0 || >=18.10.0"
      },
      "peerDependencies": {
        "rxjs": "^6.5.3 || ^7.4.0",
        "zone.js": "~0.11.4 || ~0.12.0"
      }
    },
    "node_modules/@angular/forms": {
      "version": "15.0.3",
      "resolved": "https://registry.npmjs.org/@angular/forms/-/forms-15.0.3.tgz",
      "integrity": "sha512-oPc1lpXvwFM1QHPxsayIlZ9C4/mmFrvdnSV/x/IzHDZpgqZyLT2rnDJxqpxn7KCcn71bPdU94fKTI6Fbnkj/dQ==",
      "peer": true,
      "dependencies": {
        "tslib": "^2.3.0"
      },
      "engines": {
        "node": "^14.20.0 || ^16.13.0 || >=18.10.0"
      },
      "peerDependencies": {
        "@angular/common": "15.0.3",
        "@angular/core": "15.0.3",
        "@angular/platform-browser": "15.0.3",
        "rxjs": "^6.5.3 || ^7.4.0"
      }
    },
    "node_modules/@angular/platform-browser": {
      "version": "15.0.3",
      "resolved": "https://registry.npmjs.org/@angular/platform-browser/-/platform-browser-15.0.3.tgz",
      "integrity": "sha512-XIgAh6/SI4m2JfFdtKWmh8BVPzs3gV8VuOVYdykWrYrhDCVz5X3J7AXGxn9AX1S+dMuQPi91lM1icErunVrCZQ==",
      "peer": true,
      "dependencies": {
        "tslib": "^2.3.0"
      },
      "engines": {
        "node": "^14.20.0 || ^16.13.0 || >=18.10.0"
      },
      "peerDependencies": {
        "@angular/animations": "15.0.3",
        "@angular/common": "15.0.3",
        "@angular/core": "15.0.3"
      },
      "peerDependenciesMeta": {
        "@angular/animations": {
          "optional": true
        }
      }
    },
    "node_modules/@thiagoprz/ionic-input-mask": {
      "version": "0.0.5",
      "resolved": "https://registry.npmjs.org/@thiagoprz/ionic-input-mask/-/ionic-input-mask-0.0.5.tgz",
      "integrity": "sha512-yiBQLQWsogbG+P40HzVmpl85eVDii0hpux392dQN/uvDGfPOeeJatMYbGAf1r1v49n9D68mfhYndbTTwz2TfcA==",
      "dependencies": {
        "tslib": "^2.0.0"
      },
      "peerDependencies": {
        "@angular/common": "^15.0.0 || ^14.0.0 || ^13.0.0 || ^11.2.4 || ~10.0.0",
        "@angular/core": "^15.0.0 || ^14.0.0 || ^13.0.0 || ^11.2.4 || ~10.0.0",
        "@angular/forms": "^15.0.0 || ^14.0.0 || ^13.0.0 || ^11.2.4 || ~10.0.0"
      }
    },
    "node_modules/rxjs": {
      "version": "7.6.0",
      "resolved": "https://registry.npmjs.org/rxjs/-/rxjs-7.6.0.tgz",
      "integrity": "sha512-DDa7d8TFNUalGC9VqXvQ1euWNN7sc63TrUCuM9J998+ViviahMIjKSOU7rfcgFOF+FCD71BhDRv4hrFz+ImDLQ==",
      "peer": true,
      "dependencies": {
        "tslib": "^2.1.0"
      }
    },
    "node_modules/tslib": {
      "version": "2.4.1",
      "resolved": "https://registry.npmjs.org/tslib/-/tslib-2.4.1.tgz",
      "integrity": "sha512-tGyy4dAjRIEwI7BzsB0lynWgOpfqjUdq91XXAlIWD2OwKBH7oCl/GZG/HT4BOHrTlPMOASlMQ7veyTqpmRcrNA=="
    },
    "node_modules/zone.js": {
      "version": "0.12.0",
      "resolved": "https://registry.npmjs.org/zone.js/-/zone.js-0.12.0.tgz",
      "integrity": "sha512-XtC+I5dXU14HrzidAKBNMqneIVUykLEAA1x+v4KVrd6AUPWlwYORF8KgsVqvgdHiKZ4BkxxjvYi/ksEixTPR0Q==",
      "peer": true,
      "dependencies": {
        "tslib": "^2.3.0"
      }
    }
  },
  "dependencies": {
    "@angular/common": {
      "version": "15.0.3",
      "resolved": "https://registry.npmjs.org/@angular/common/-/common-15.0.3.tgz",
      "integrity": "sha512-TYpNnP6f7+x+FqyFCjl+D7rqJojMJT3QURwbnKsZYO7gsfoKashgrLxd9f3lQpa9EHvdMsVZWGZuPmoerGQ5qg==",
      "peer": true,
      "requires": {
        "tslib": "^2.3.0"
      }
    },
    "@angular/core": {
      "version": "15.0.3",
      "resolved": "https://registry.npmjs.org/@angular/core/-/core-15.0.3.tgz",
      "integrity": "sha512-tYQszxkk32RZkMA7Czv9l5apiDIsoqVO2taIuPKfesAcwsQ7z/x3JTu3JkwUnB9c9nq2c18wIzjzMs4iElxdVQ==",
      "peer": true,
      "requires": {
        "tslib": "^2.3.0"
      }
    },
    "@angular/forms": {
      "version": "15.0.3",
      "resolved": "https://registry.npmjs.org/@angular/forms/-/forms-15.0.3.tgz",
      "integrity": "sha512-oPc1lpXvwFM1QHPxsayIlZ9C4/mmFrvdnSV/x/IzHDZpgqZyLT2rnDJxqpxn7KCcn71bPdU94fKTI6Fbnkj/dQ==",
      "peer": true,
      "requires": {
        "tslib": "^2.3.0"
      }
    },
    "@angular/platform-browser": {
      "version": "15.0.3",
      "resolved": "https://registry.npmjs.org/@angular/platform-browser/-/platform-browser-15.0.3.tgz",
      "integrity": "sha512-XIgAh6/SI4m2JfFdtKWmh8BVPzs3gV8VuOVYdykWrYrhDCVz5X3J7AXGxn9AX1S+dMuQPi91lM1icErunVrCZQ==",
      "peer": true,
      "requires": {
        "tslib": "^2.3.0"
      }
    },
    "@thiagoprz/ionic-input-mask": {
      "version": "0.0.5",
      "resolved": "https://registry.npmjs.org/@thiagoprz/ionic-input-mask/-/ionic-input-mask-0.0.5.tgz",
      "integrity": "sha512-yiBQLQWsogbG+P40HzVmpl85eVDii0hpux392dQN/uvDGfPOeeJatMYbGAf1r1v49n9D68mfhYndbTTwz2TfcA==",
      "requires": {
        "tslib": "^2.0.0"
      }
    },
    "rxjs": {
      "version": "7.6.0",
      "resolved": "https://registry.npmjs.org/rxjs/-/rxjs-7.6.0.tgz",
      "integrity": "sha512-DDa7d8TFNUalGC9VqXvQ1euWNN7sc63TrUCuM9J998+ViviahMIjKSOU7rfcgFOF+FCD71BhDRv4hrFz+ImDLQ==",
      "peer": true,
      "requires": {
        "tslib": "^2.1.0"
      }
    },
    "tslib": {
      "version": "2.4.1",
      "resolved": "https://registry.npmjs.org/tslib/-/tslib-2.4.1.tgz",
      "integrity": "sha512-tGyy4dAjRIEwI7BzsB0lynWgOpfqjUdq91XXAlIWD2OwKBH7oCl/GZG/HT4BOHrTlPMOASlMQ7veyTqpmRcrNA=="
    },
    "zone.js": {
      "version": "0.12.0",
      "resolved": "https://registry.npmjs.org/zone.js/-/zone.js-0.12.0.tgz",
      "integrity": "sha512-XtC+I5dXU14HrzidAKBNMqneIVUykLEAA1x+v4KVrd6AUPWlwYORF8KgsVqvgdHiKZ4BkxxjvYi/ksEixTPR0Q==",
      "peer": true,
      "requires": {
        "tslib": "^2.3.0"
      }
    }
  }
}
